PODS:
  - AutoEscuelaComponents (0.2.0)

DEPENDENCIES:
  - AutoEscuelaComponents (from `../`)

EXTERNAL SOURCES:
  AutoEscuelaComponents:
    :path: "../"

SPEC CHECKSUMS:
  AutoEscuelaComponents: 2563d637aa74e65f1ec251ab3bf63188d8bbb0a0

PODFILE CHECKSUM: 2cb685f468f22bef248ee1aa2482ca7652eaac4e

COCOAPODS: 1.9.1
