PODS:
  - AutoEscuelaComponents (3.0.1):
    - Reusable (~> 4.1.1)
  - Reusable (4.1.1):
    - Reusable/Storyboard (= 4.1.1)
    - Reusable/View (= 4.1.1)
  - Reusable/Storyboard (4.1.1)
  - Reusable/View (4.1.1)

DEPENDENCIES:
  - AutoEscuelaComponents (from `../`)
  - Reusable

SPEC REPOS:
  trunk:
    - Reusable

EXTERNAL SOURCES:
  AutoEscuelaComponents:
    :path: "../"

SPEC CHECKSUMS:
  AutoEscuelaComponents: 75ab9f1ba5406ce5d0197ef72a76544af9b331e6
  Reusable: 53a9acf5c536f229b31b5865782414b508252ddb

PODFILE CHECKSUM: 1cb55d14f5ac393642bd81f00ea3ff4e8dc1773d

COCOAPODS: 1.9.1
