PODS:
  - AutoEscuelaComponents (0.1.1)

DEPENDENCIES:
  - AutoEscuelaComponents (from `../`)

EXTERNAL SOURCES:
  AutoEscuelaComponents:
    :path: "../"

SPEC CHECKSUMS:
  AutoEscuelaComponents: 3fbc4653222c990d909a7371143ce842de05d4d3

PODFILE CHECKSUM: 2cb685f468f22bef248ee1aa2482ca7652eaac4e

COCOAPODS: 1.9.1
